
Microsoft Visual Studio Solution File, Format Version 12.00
# Visual Studio Version 17
VisualStudioVersion = 17.3.32819.101
MinimumVisualStudioVersion = 10.0.40219.1
Project("{FAE04EC0-301F-11D3-BF4B-00C04F79EFBC}") = "InClass-OOP-Enums", "InClass-OOP-Enums\InClass-OOP-Enums.csproj", "{8B46D4C5-2D20-47C1-842E-F51F946DADCB}"
EndProject
Global
	GlobalSection(SolutionConfigurationPlatforms) = preSolution
		Debug|Any CPU = Debug|Any CPU
		Release|Any CPU = Release|Any CPU
	EndGlobalSection
	GlobalSection(ProjectConfigurationPlatforms) = postSolution
		{8B46D4C5-2D20-47C1-842E-F51F946DADCB}.Debug|Any CPU.ActiveCfg = Debug|Any CPU
		{8B46D4C5-2D20-47C1-842E-F51F946DADCB}.Debug|Any CPU.Build.0 = Debug|Any CPU
		{8B46D4C5-2D20-47C1-842E-F51F946DADCB}.Release|Any CPU.ActiveCfg = Release|Any CPU
		{8B46D4C5-2D20-47C1-842E-F51F946DADCB}.Release|Any CPU.Build.0 = Release|Any CPU
	EndGlobalSection
	GlobalSection(SolutionProperties) = preSolution
		HideSolutionNode = FALSE
	EndGlobalSection
	GlobalSection(ExtensibilityGlobals) = postSolution
		SolutionGuid = {2A67593C-CDCE-42F0-93D6-86E56ED1B4D2}
	EndGlobalSection
EndGlobal
